
Microsoft Visual Studio Solution File, Format Version 12.00
# Visual Studio Version 17
VisualStudioVersion = 17.8.34330.188
MinimumVisualStudioVersion = 10.0.40219.1
Project("{FAE04EC0-301F-11D3-BF4B-00C04F79EFBC}") = "Student Manage", "Student Manage\Student Manage.csproj", "{DD615EB5-7EEC-4D36-953F-026A5349A801}"
EndProject
Global
	GlobalSection(SolutionConfigurationPlatforms) = preSolution
		Debug|Any CPU = Debug|Any CPU
		Release|Any CPU = Release|Any CPU
	EndGlobalSection
	GlobalSection(ProjectConfigurationPlatforms) = postSolution
		{DD615EB5-7EEC-4D36-953F-026A5349A801}.Debug|Any CPU.ActiveCfg = Debug|Any CPU
		{DD615EB5-7EEC-4D36-953F-026A5349A801}.Debug|Any CPU.Build.0 = Debug|Any CPU
		{DD615EB5-7EEC-4D36-953F-026A5349A801}.Release|Any CPU.ActiveCfg = Release|Any CPU
		{DD615EB5-7EEC-4D36-953F-026A5349A801}.Release|Any CPU.Build.0 = Release|Any CPU
	EndGlobalSection
	GlobalSection(SolutionProperties) = preSolution
		HideSolutionNode = FALSE
	EndGlobalSection
	GlobalSection(ExtensibilityGlobals) = postSolution
		SolutionGuid = {90F5751B-A745-410E-8631-9DFC9C380435}
	EndGlobalSection
EndGlobal
